
Microsoft Visual Studio Solution File, Format Version 12.00
# Visual Studio Version 17
VisualStudioVersion = 17.14.36518.9 d17.14
MinimumVisualStudioVersion = 10.0.40219.1
Project("{FAE04EC0-301F-11D3-BF4B-00C04F79EFBC}") = "WebApplication1", "WebApplication1\WebApplication1.csproj", "{45C7F164-93AA-4846-98AD-336257D83E4A}"
EndProject
Global
	GlobalSection(SolutionConfigurationPlatforms) = preSolution
		Debug|Any CPU = Debug|Any CPU
		Release|Any CPU = Release|Any CPU
	EndGlobalSection
	GlobalSection(ProjectConfigurationPlatforms) = postSolution
		{45C7F164-93AA-4846-98AD-336257D83E4A}.Debug|Any CPU.ActiveCfg = Debug|Any CPU
		{45C7F164-93AA-4846-98AD-336257D83E4A}.Debug|Any CPU.Build.0 = Debug|Any CPU
		{45C7F164-93AA-4846-98AD-336257D83E4A}.Release|Any CPU.ActiveCfg = Release|Any CPU
		{45C7F164-93AA-4846-98AD-336257D83E4A}.Release|Any CPU.Build.0 = Release|Any CPU
	EndGlobalSection
	GlobalSection(SolutionProperties) = preSolution
		HideSolutionNode = FALSE
	EndGlobalSection
	GlobalSection(ExtensibilityGlobals) = postSolution
		SolutionGuid = {EEDCED6D-85A0-4873-A24F-F49F67F7107A}
	EndGlobalSection
EndGlobal
